
Microsoft Visual Studio Solution File, Format Version 12.00
# Visual Studio Version 16
VisualStudioVersion = 16.0.29911.84
MinimumVisualStudioVersion = 10.0.40219.1
Project("{FAE04EC0-301F-11D3-BF4B-00C04F79EFBC}") = "getgreetings", "getgreetings\getgreetings.csproj", "{490450B4-55FC-4618-847A-5DF0BB7A36B2}"
EndProject
Project("{2150E333-8FDC-42A3-9474-1A3956D46DE8}") = "Function", "Function", "{C56F2BEA-C97B-4FA8-8529-546EB6FD39DF}"
EndProject
Global
	GlobalSection(SolutionConfigurationPlatforms) = preSolution
		Debug|Any CPU = Debug|Any CPU
		Release|Any CPU = Release|Any CPU
	EndGlobalSection
	GlobalSection(ProjectConfigurationPlatforms) = postSolution
		{490450B4-55FC-4618-847A-5DF0BB7A36B2}.Debug|Any CPU.ActiveCfg = Debug|Any CPU
		{490450B4-55FC-4618-847A-5DF0BB7A36B2}.Debug|Any CPU.Build.0 = Debug|Any CPU
		{490450B4-55FC-4618-847A-5DF0BB7A36B2}.Release|Any CPU.ActiveCfg = Release|Any CPU
		{490450B4-55FC-4618-847A-5DF0BB7A36B2}.Release|Any CPU.Build.0 = Release|Any CPU
	EndGlobalSection
	GlobalSection(SolutionProperties) = preSolution
		HideSolutionNode = FALSE
	EndGlobalSection
	GlobalSection(NestedProjects) = preSolution
		{490450B4-55FC-4618-847A-5DF0BB7A36B2} = {C56F2BEA-C97B-4FA8-8529-546EB6FD39DF}
	EndGlobalSection
	GlobalSection(ExtensibilityGlobals) = postSolution
		SolutionGuid = {286C06DD-6C0B-4EFB-998C-5BA14368BE4B}
	EndGlobalSection
EndGlobal
